
Microsoft Visual Studio Solution File, Format Version 12.00
# Visual Studio 15
VisualStudioVersion = 15.0.27130.2036
MinimumVisualStudioVersion = 10.0.40219.1
Project("{FAE04EC0-301F-11D3-BF4B-00C04F79EFBC}") = "SWT35_ATM_Handin3", "SWT35_ATM_Handin3\SWT35_ATM_Handin3.csproj", "{885D503E-F15F-4820-82FD-BF3672394D1A}"
EndProject
Project("{FAE04EC0-301F-11D3-BF4B-00C04F79EFBC}") = "SWT35_ATM_Handin3.Test.Unit", "SWT35_ATM_Handin3.Test.Unit\SWT35_ATM_Handin3.Test.Unit.csproj", "{990E6D1E-C01A-435A-BEDA-164DF803EB4E}"
EndProject
Project("{FAE04EC0-301F-11D3-BF4B-00C04F79EFBC}") = "SWT35_ATM_Handin3.Test.Integration", "SWT35_ATM_Handin3.Test.Integration\SWT35_ATM_Handin3.Test.Integration.csproj", "{CD021392-7D85-498F-971A-0EBF085FFC16}"
EndProject
Project("{FAE04EC0-301F-11D3-BF4B-00C04F79EFBC}") = "SWT35_ATM_Handin3.Application", "SWT35_ATM_Handin3.Application\SWT35_ATM_Handin3.Application.csproj", "{0BBE1E89-9043-4505-9C03-B49229432647}"
EndProject
Project("{2150E333-8FDC-42A3-9474-1A3956D46DE8}") = "Solution Items", "Solution Items", "{DED28716-C86F-468D-A06A-9EBFA02AD4B6}"
	ProjectSection(SolutionItems) = preProject
		dotCoverCoverageConfig.xml = dotCoverCoverageConfig.xml
		TransponderReceiver.dll = TransponderReceiver.dll
	EndProjectSection
EndProject
Global
	GlobalSection(SolutionConfigurationPlatforms) = preSolution
		Debug|Any CPU = Debug|Any CPU
		Release|Any CPU = Release|Any CPU
	EndGlobalSection
	GlobalSection(ProjectConfigurationPlatforms) = postSolution
		{885D503E-F15F-4820-82FD-BF3672394D1A}.Debug|Any CPU.ActiveCfg = Debug|Any CPU
		{885D503E-F15F-4820-82FD-BF3672394D1A}.Debug|Any CPU.Build.0 = Debug|Any CPU
		{885D503E-F15F-4820-82FD-BF3672394D1A}.Release|Any CPU.ActiveCfg = Release|Any CPU
		{885D503E-F15F-4820-82FD-BF3672394D1A}.Release|Any CPU.Build.0 = Release|Any CPU
		{990E6D1E-C01A-435A-BEDA-164DF803EB4E}.Debug|Any CPU.ActiveCfg = Debug|Any CPU
		{990E6D1E-C01A-435A-BEDA-164DF803EB4E}.Debug|Any CPU.Build.0 = Debug|Any CPU
		{990E6D1E-C01A-435A-BEDA-164DF803EB4E}.Release|Any CPU.ActiveCfg = Release|Any CPU
		{990E6D1E-C01A-435A-BEDA-164DF803EB4E}.Release|Any CPU.Build.0 = Release|Any CPU
		{CD021392-7D85-498F-971A-0EBF085FFC16}.Debug|Any CPU.ActiveCfg = Debug|Any CPU
		{CD021392-7D85-498F-971A-0EBF085FFC16}.Debug|Any CPU.Build.0 = Debug|Any CPU
		{CD021392-7D85-498F-971A-0EBF085FFC16}.Release|Any CPU.ActiveCfg = Release|Any CPU
		{CD021392-7D85-498F-971A-0EBF085FFC16}.Release|Any CPU.Build.0 = Release|Any CPU
		{0BBE1E89-9043-4505-9C03-B49229432647}.Debug|Any CPU.ActiveCfg = Debug|Any CPU
		{0BBE1E89-9043-4505-9C03-B49229432647}.Debug|Any CPU.Build.0 = Debug|Any CPU
		{0BBE1E89-9043-4505-9C03-B49229432647}.Release|Any CPU.ActiveCfg = Release|Any CPU
		{0BBE1E89-9043-4505-9C03-B49229432647}.Release|Any CPU.Build.0 = Release|Any CPU
	EndGlobalSection
	GlobalSection(SolutionProperties) = preSolution
		HideSolutionNode = FALSE
	EndGlobalSection
	GlobalSection(ExtensibilityGlobals) = postSolution
		SolutionGuid = {AD6280B4-5DFB-4618-8C55-B5D653B1A99D}
	EndGlobalSection
EndGlobal
